PODS:
  - Alamofire (4.7.3)
  - FoundationKit/Containers (0.0.3)
  - FoundationKit/FoundationExtensions (0.0.3)
  - FoundationKit/Loggable (0.0.3)
  - FoundationKit/MVVM (0.0.3)
  - FoundationKit/Result (0.0.3)
  - FoundationKit/RxExtensions (0.0.3):
    - RxCocoa
    - RxSwift
  - FoundationKit/StateMachine (0.0.3):
    - FoundationKit/SubscriptionStore
  - FoundationKit/SubscriptionStore (0.0.3):
    - FoundationKit/Containers
  - FoundationKit/Sugar (0.0.3)
  - FoundationKit/UIKitExtensions (0.0.3)
  - PathKit (0.8.0)
  - RxCocoa (4.2.0):
    - RxSwift (~> 4.0)
  - RxSwift (4.2.0)
  - Stencil (0.11.0):
    - PathKit (~> 0.8.0)

DEPENDENCIES:
  - Alamofire
  - "FoundationKit/Containers (from `git@github.com:bsarrazin/io.srz.FoundationKit.ios`)"
  - "FoundationKit/FoundationExtensions (from `git@github.com:bsarrazin/io.srz.FoundationKit.ios`)"
  - "FoundationKit/Loggable (from `git@github.com:bsarrazin/io.srz.FoundationKit.ios`)"
  - "FoundationKit/MVVM (from `git@github.com:bsarrazin/io.srz.FoundationKit.ios`)"
  - "FoundationKit/Result (from `git@github.com:bsarrazin/io.srz.FoundationKit.ios`)"
  - "FoundationKit/RxExtensions (from `git@github.com:bsarrazin/io.srz.FoundationKit.ios`)"
  - "FoundationKit/StateMachine (from `git@github.com:bsarrazin/io.srz.FoundationKit.ios`)"
  - "FoundationKit/SubscriptionStore (from `git@github.com:bsarrazin/io.srz.FoundationKit.ios`)"
  - "FoundationKit/Sugar (from `git@github.com:bsarrazin/io.srz.FoundationKit.ios`)"
  - "FoundationKit/UIKitExtensions (from `git@github.com:bsarrazin/io.srz.FoundationKit.ios`)"
  - RxCocoa
  - RxSwift
  - Stencil

SPEC REPOS:
  https://github.com/cocoapods/specs.git:
    - Alamofire
    - PathKit
    - RxCocoa
    - RxSwift
    - Stencil

EXTERNAL SOURCES:
  FoundationKit:
    :git: "git@github.com:bsarrazin/io.srz.FoundationKit.ios"

CHECKOUT OPTIONS:
  FoundationKit:
    :commit: 4f62214ffa1bdf2c5999cee32ab8e56652d7b449
    :git: "git@github.com:bsarrazin/io.srz.FoundationKit.ios"

SPEC CHECKSUMS:
  Alamofire: c7287b6e5d7da964a70935e5db17046b7fde6568
  FoundationKit: 5d7f9b13c4439a6bf3588ed88c2230ffba718d5e
  PathKit: dcab05d701474011aae0e40cf892298a831f63d6
  RxCocoa: 0b54909c902e1e581212a03e690bbd94032d8baa
  RxSwift: 99e10317ddfcc7fbe01356aafd118fde4a0be104
  Stencil: a1873ecd92cbc053c6b391de7583b9f5bfbb3de6

PODFILE CHECKSUM: a37ca1a53a1e2fdd99baf973e89004bc56fbf3ba

COCOAPODS: 1.5.3
