PODS:
  - Alamofire (4.7.2)
  - PathKit (0.8.0)
  - RxCocoa (4.1.2):
    - RxSwift (~> 4.0)
  - RxSwift (4.1.2)
  - Stencil (0.11.0):
    - PathKit (~> 0.8.0)

DEPENDENCIES:
  - Alamofire
  - RxCocoa
  - RxSwift
  - Stencil

SPEC REPOS:
  https://github.com/CocoaPods/Specs.git:
    - Alamofire
    - PathKit
    - RxCocoa
    - RxSwift
    - Stencil

SPEC CHECKSUMS:
  Alamofire: e4fa87002c137ba2d8d634d2c51fabcda0d5c223
  PathKit: dcab05d701474011aae0e40cf892298a831f63d6
  RxCocoa: d88ba0f1f6abf040011a9eb4b539324fc426843a
  RxSwift: e49536837d9901277638493ea537394d4b55f570
  Stencil: a1873ecd92cbc053c6b391de7583b9f5bfbb3de6

PODFILE CHECKSUM: 1380aa81d00c9828709ec95a343fd8e19260d93e

COCOAPODS: 1.5.0
