// !$*UTF8*$!
{
	archiveVersion = 1;
	classes = {
	};
	objectVersion = 48;
	objects = {

/* Begin PBXBuildFile section */
		B55E4C5F2235AD9A00DB9B03 /* AppDelegate.swift in Sources */ = {isa = PBXBuildFile; fileRef = B55E4C5E2235AD9A00DB9B03 /* AppDelegate.swift */; };
		B55E4C612235AD9A00DB9B03 /* ContactsViewController.swift in Sources */ = {isa = PBXBuildFile; fileRef = B55E4C602235AD9A00DB9B03 /* ContactsViewController.swift */; };
		B55E4C642235AD9A00DB9B03 /* Main.storyboard in Resources */ = {isa = PBXBuildFile; fileRef = B55E4C622235AD9A00DB9B03 /* Main.storyboard */; };
		B55E4C662235AD9B00DB9B03 /* Assets.xcassets in Resources */ = {isa = PBXBuildFile; fileRef = B55E4C652235AD9B00DB9B03 /* Assets.xcassets */; };
		B55E4C692235AD9B00DB9B03 /* LaunchScreen.storyboard in Resources */ = {isa = PBXBuildFile; fileRef = B55E4C672235AD9B00DB9B03 /* LaunchScreen.storyboard */; };
		B55E4C742235B1FE00DB9B03 /* UIResponder+Extensions.swift in Sources */ = {isa = PBXBuildFile; fileRef = B55E4C732235B1FE00DB9B03 /* UIResponder+Extensions.swift */; };
		B55E4C762235B2A300DB9B03 /* HistoryViewController.swift in Sources */ = {isa = PBXBuildFile; fileRef = B55E4C752235B2A300DB9B03 /* HistoryViewController.swift */; };
		B55E4C782235B32900DB9B03 /* ContactsNavigationController.swift in Sources */ = {isa = PBXBuildFile; fileRef = B55E4C772235B32900DB9B03 /* ContactsNavigationController.swift */; };
		B55E4C7A2235B34900DB9B03 /* HistoryNavigationController.swift in Sources */ = {isa = PBXBuildFile; fileRef = B55E4C792235B34900DB9B03 /* HistoryNavigationController.swift */; };
		B55E4C7C2235B35700DB9B03 /* TabBarController.swift in Sources */ = {isa = PBXBuildFile; fileRef = B55E4C7B2235B35700DB9B03 /* TabBarController.swift */; };
		B55E4C7E2235B37200DB9B03 /* RootNavigationController.swift in Sources */ = {isa = PBXBuildFile; fileRef = B55E4C7D2235B37200DB9B03 /* RootNavigationController.swift */; };
		B55E4C802235BAA100DB9B03 /* GreenViewController.swift in Sources */ = {isa = PBXBuildFile; fileRef = B55E4C7F2235BAA100DB9B03 /* GreenViewController.swift */; };
		B5FC2A882022197600A15513 /* Playground.h in Headers */ = {isa = PBXBuildFile; fileRef = B5FC2A862022197600A15513 /* Playground.h */; settings = {ATTRIBUTES = (Public, ); }; };
		C36232B981DCF82813B28E0F /* Pods_Playground.framework in Frameworks */ = {isa = PBXBuildFile; fileRef = 99C8D07AE0D985A55121E5A8 /* Pods_Playground.framework */; };
/* End PBXBuildFile section */

/* Begin PBXFileReference section */
		5CCE972BF6AE473B13962ACB /* Pods-Playground.release.xcconfig */ = {isa = PBXFileReference; includeInIndex = 1; lastKnownFileType = text.xcconfig; name = "Pods-Playground.release.xcconfig"; path = "Target Support Files/Pods-Playground/Pods-Playground.release.xcconfig"; sourceTree = "<group>"; };
		9462853B71DF5BBCBB68835B /* Pods-Playground.debug.xcconfig */ = {isa = PBXFileReference; includeInIndex = 1; lastKnownFileType = text.xcconfig; name = "Pods-Playground.debug.xcconfig"; path = "Target Support Files/Pods-Playground/Pods-Playground.debug.xcconfig"; sourceTree = "<group>"; };
		99C8D07AE0D985A55121E5A8 /* Pods_Playground.framework */ = {isa = PBXFileReference; explicitFileType = wrapper.framework; includeInIndex = 0; path = Pods_Playground.framework; sourceTree = BUILT_PRODUCTS_DIR; };
		B55E4C5C2235AD9A00DB9B03 /* ResponderChain.app */ = {isa = PBXFileReference; explicitFileType = wrapper.application; includeInIndex = 0; path = ResponderChain.app; sourceTree = BUILT_PRODUCTS_DIR; };
		B55E4C5E2235AD9A00DB9B03 /* AppDelegate.swift */ = {isa = PBXFileReference; lastKnownFileType = sourcecode.swift; path = AppDelegate.swift; sourceTree = "<group>"; };
		B55E4C602235AD9A00DB9B03 /* ContactsViewController.swift */ = {isa = PBXFileReference; lastKnownFileType = sourcecode.swift; path = ContactsViewController.swift; sourceTree = "<group>"; };
		B55E4C632235AD9A00DB9B03 /* Base */ = {isa = PBXFileReference; lastKnownFileType = file.storyboard; name = Base; path = Base.lproj/Main.storyboard; sourceTree = "<group>"; };
		B55E4C652235AD9B00DB9B03 /* Assets.xcassets */ = {isa = PBXFileReference; lastKnownFileType = folder.assetcatalog; path = Assets.xcassets; sourceTree = "<group>"; };
		B55E4C682235AD9B00DB9B03 /* Base */ = {isa = PBXFileReference; lastKnownFileType = file.storyboard; name = Base; path = Base.lproj/LaunchScreen.storyboard; sourceTree = "<group>"; };
		B55E4C6A2235AD9B00DB9B03 /* Info.plist */ = {isa = PBXFileReference; lastKnownFileType = text.plist.xml; path = Info.plist; sourceTree = "<group>"; };
		B55E4C732235B1FE00DB9B03 /* UIResponder+Extensions.swift */ = {isa = PBXFileReference; lastKnownFileType = sourcecode.swift; path = "UIResponder+Extensions.swift"; sourceTree = "<group>"; };
		B55E4C752235B2A300DB9B03 /* HistoryViewController.swift */ = {isa = PBXFileReference; lastKnownFileType = sourcecode.swift; path = HistoryViewController.swift; sourceTree = "<group>"; };
		B55E4C772235B32900DB9B03 /* ContactsNavigationController.swift */ = {isa = PBXFileReference; lastKnownFileType = sourcecode.swift; path = ContactsNavigationController.swift; sourceTree = "<group>"; };
		B55E4C792235B34900DB9B03 /* HistoryNavigationController.swift */ = {isa = PBXFileReference; lastKnownFileType = sourcecode.swift; path = HistoryNavigationController.swift; sourceTree = "<group>"; };
		B55E4C7B2235B35700DB9B03 /* TabBarController.swift */ = {isa = PBXFileReference; lastKnownFileType = sourcecode.swift; path = TabBarController.swift; sourceTree = "<group>"; };
		B55E4C7D2235B37200DB9B03 /* RootNavigationController.swift */ = {isa = PBXFileReference; lastKnownFileType = sourcecode.swift; path = RootNavigationController.swift; sourceTree = "<group>"; };
		B55E4C7F2235BAA100DB9B03 /* GreenViewController.swift */ = {isa = PBXFileReference; lastKnownFileType = sourcecode.swift; path = GreenViewController.swift; sourceTree = "<group>"; };
		B5FC2A832022197600A15513 /* Playground.framework */ = {isa = PBXFileReference; explicitFileType = wrapper.framework; includeInIndex = 0; path = Playground.framework; sourceTree = BUILT_PRODUCTS_DIR; };
		B5FC2A862022197600A15513 /* Playground.h */ = {isa = PBXFileReference; lastKnownFileType = sourcecode.c.h; path = Playground.h; sourceTree = "<group>"; };
		B5FC2A872022197600A15513 /* Info.plist */ = {isa = PBXFileReference; lastKnownFileType = text.plist.xml; path = Info.plist; sourceTree = "<group>"; };
/* End PBXFileReference section */

/* Begin PBXFrameworksBuildPhase section */
		B55E4C592235AD9A00DB9B03 /* Frameworks */ = {
			isa = PBXFrameworksBuildPhase;
			buildActionMask = 2147483647;
			files = (
			);
			runOnlyForDeploymentPostprocessing = 0;
		};
		B5FC2A7F2022197600A15513 /* Frameworks */ = {
			isa = PBXFrameworksBuildPhase;
			buildActionMask = 2147483647;
			files = (
				C36232B981DCF82813B28E0F /* Pods_Playground.framework in Frameworks */,
			);
			runOnlyForDeploymentPostprocessing = 0;
		};
/* End PBXFrameworksBuildPhase section */

/* Begin PBXGroup section */
		06DF1FBD692093F55F953B01 /* Frameworks */ = {
			isa = PBXGroup;
			children = (
				99C8D07AE0D985A55121E5A8 /* Pods_Playground.framework */,
			);
			name = Frameworks;
			sourceTree = "<group>";
		};
		B55E4C5D2235AD9A00DB9B03 /* ResponderChain */ = {
			isa = PBXGroup;
			children = (
				B55E4C702235ADB500DB9B03 /* Supporting Files */,
				B55E4C6E2235ADA500DB9B03 /* Resources */,
				B55E4C6F2235ADAC00DB9B03 /* Source */,
			);
			path = ResponderChain;
			sourceTree = "<group>";
		};
		B55E4C6E2235ADA500DB9B03 /* Resources */ = {
			isa = PBXGroup;
			children = (
				B55E4C652235AD9B00DB9B03 /* Assets.xcassets */,
				B55E4C672235AD9B00DB9B03 /* LaunchScreen.storyboard */,
				B55E4C622235AD9A00DB9B03 /* Main.storyboard */,
			);
			path = Resources;
			sourceTree = "<group>";
		};
		B55E4C6F2235ADAC00DB9B03 /* Source */ = {
			isa = PBXGroup;
			children = (
				B55E4C5E2235AD9A00DB9B03 /* AppDelegate.swift */,
				B55E4C712235B1E000DB9B03 /* Extensions */,
				B55E4C722235B1EC00DB9B03 /* ViewControllers */,
			);
			path = Source;
			sourceTree = "<group>";
		};
		B55E4C702235ADB500DB9B03 /* Supporting Files */ = {
			isa = PBXGroup;
			children = (
				B55E4C6A2235AD9B00DB9B03 /* Info.plist */,
			);
			path = "Supporting Files";
			sourceTree = "<group>";
		};
		B55E4C712235B1E000DB9B03 /* Extensions */ = {
			isa = PBXGroup;
			children = (
				B55E4C732235B1FE00DB9B03 /* UIResponder+Extensions.swift */,
			);
			path = Extensions;
			sourceTree = "<group>";
		};
		B55E4C722235B1EC00DB9B03 /* ViewControllers */ = {
			isa = PBXGroup;
			children = (
				B55E4C772235B32900DB9B03 /* ContactsNavigationController.swift */,
				B55E4C602235AD9A00DB9B03 /* ContactsViewController.swift */,
				B55E4C792235B34900DB9B03 /* HistoryNavigationController.swift */,
				B55E4C752235B2A300DB9B03 /* HistoryViewController.swift */,
				B55E4C7D2235B37200DB9B03 /* RootNavigationController.swift */,
				B55E4C7B2235B35700DB9B03 /* TabBarController.swift */,
				B55E4C7F2235BAA100DB9B03 /* GreenViewController.swift */,
			);
			path = ViewControllers;
			sourceTree = "<group>";
		};
		B5FC2A792022197600A15513 = {
			isa = PBXGroup;
			children = (
				B5FC2A852022197600A15513 /* Playground */,
				B55E4C5D2235AD9A00DB9B03 /* ResponderChain */,
				B5FC2A842022197600A15513 /* Products */,
				FDAAD7B8E31EBDF8763E3B5D /* Pods */,
				06DF1FBD692093F55F953B01 /* Frameworks */,
			);
			sourceTree = "<group>";
		};
		B5FC2A842022197600A15513 /* Products */ = {
			isa = PBXGroup;
			children = (
				B5FC2A832022197600A15513 /* Playground.framework */,
				B55E4C5C2235AD9A00DB9B03 /* ResponderChain.app */,
			);
			name = Products;
			sourceTree = "<group>";
		};
		B5FC2A852022197600A15513 /* Playground */ = {
			isa = PBXGroup;
			children = (
				B5FC2A862022197600A15513 /* Playground.h */,
				B5FC2A872022197600A15513 /* Info.plist */,
			);
			path = Playground;
			sourceTree = "<group>";
		};
		FDAAD7B8E31EBDF8763E3B5D /* Pods */ = {
			isa = PBXGroup;
			children = (
				9462853B71DF5BBCBB68835B /* Pods-Playground.debug.xcconfig */,
				5CCE972BF6AE473B13962ACB /* Pods-Playground.release.xcconfig */,
			);
			path = Pods;
			sourceTree = "<group>";
		};
/* End PBXGroup section */

/* Begin PBXHeadersBuildPhase section */
		B5FC2A802022197600A15513 /* Headers */ = {
			isa = PBXHeadersBuildPhase;
			buildActionMask = 2147483647;
			files = (
				B5FC2A882022197600A15513 /* Playground.h in Headers */,
			);
			runOnlyForDeploymentPostprocessing = 0;
		};
/* End PBXHeadersBuildPhase section */

/* Begin PBXNativeTarget section */
		B55E4C5B2235AD9A00DB9B03 /* ResponderChain */ = {
			isa = PBXNativeTarget;
			buildConfigurationList = B55E4C6D2235AD9B00DB9B03 /* Build configuration list for PBXNativeTarget "ResponderChain" */;
			buildPhases = (
				B55E4C582235AD9A00DB9B03 /* Sources */,
				B55E4C592235AD9A00DB9B03 /* Frameworks */,
				B55E4C5A2235AD9A00DB9B03 /* Resources */,
			);
			buildRules = (
			);
			dependencies = (
			);
			name = ResponderChain;
			productName = ResponderChain;
			productReference = B55E4C5C2235AD9A00DB9B03 /* ResponderChain.app */;
			productType = "com.apple.product-type.application";
		};
		B5FC2A822022197600A15513 /* Playground */ = {
			isa = PBXNativeTarget;
			buildConfigurationList = B5FC2A8B2022197600A15513 /* Build configuration list for PBXNativeTarget "Playground" */;
			buildPhases = (
				2859AFD36FA0A7194E608C5E /* [CP] Check Pods Manifest.lock */,
				B5FC2A7E2022197600A15513 /* Sources */,
				B5FC2A7F2022197600A15513 /* Frameworks */,
				B5FC2A802022197600A15513 /* Headers */,
				B5FC2A812022197600A15513 /* Resources */,
			);
			buildRules = (
			);
			dependencies = (
			);
			name = Playground;
			productName = Playground;
			productReference = B5FC2A832022197600A15513 /* Playground.framework */;
			productType = "com.apple.product-type.framework";
		};
/* End PBXNativeTarget section */

/* Begin PBXProject section */
		B5FC2A7A2022197600A15513 /* Project object */ = {
			isa = PBXProject;
			attributes = {
				LastSwiftUpdateCheck = 1010;
				LastUpgradeCheck = 1130;
				ORGANIZATIONNAME = "";
				TargetAttributes = {
					B55E4C5B2235AD9A00DB9B03 = {
						CreatedOnToolsVersion = 10.1;
						ProvisioningStyle = Automatic;
					};
					B5FC2A822022197600A15513 = {
						CreatedOnToolsVersion = 9.2;
						LastSwiftMigration = 0930;
						ProvisioningStyle = Automatic;
					};
				};
			};
			buildConfigurationList = B5FC2A7D2022197600A15513 /* Build configuration list for PBXProject "Playground" */;
			compatibilityVersion = "Xcode 8.0";
			developmentRegion = en;
			hasScannedForEncodings = 0;
			knownRegions = (
				en,
				Base,
			);
			mainGroup = B5FC2A792022197600A15513;
			productRefGroup = B5FC2A842022197600A15513 /* Products */;
			projectDirPath = "";
			projectRoot = "";
			targets = (
				B5FC2A822022197600A15513 /* Playground */,
				B55E4C5B2235AD9A00DB9B03 /* ResponderChain */,
			);
		};
/* End PBXProject section */

/* Begin PBXResourcesBuildPhase section */
		B55E4C5A2235AD9A00DB9B03 /* Resources */ = {
			isa = PBXResourcesBuildPhase;
			buildActionMask = 2147483647;
			files = (
				B55E4C692235AD9B00DB9B03 /* LaunchScreen.storyboard in Resources */,
				B55E4C662235AD9B00DB9B03 /* Assets.xcassets in Resources */,
				B55E4C642235AD9A00DB9B03 /* Main.storyboard in Resources */,
			);
			runOnlyForDeploymentPostprocessing = 0;
		};
		B5FC2A812022197600A15513 /* Resources */ = {
			isa = PBXResourcesBuildPhase;
			buildActionMask = 2147483647;
			files = (
			);
			runOnlyForDeploymentPostprocessing = 0;
		};
/* End PBXResourcesBuildPhase section */

/* Begin PBXShellScriptBuildPhase section */
		2859AFD36FA0A7194E608C5E /* [CP] Check Pods Manifest.lock */ = {
			isa = PBXShellScriptBuildPhase;
			buildActionMask = 2147483647;
			files = (
			);
			inputFileListPaths = (
			);
			inputPaths = (
				"${PODS_PODFILE_DIR_PATH}/Podfile.lock",
				"${PODS_ROOT}/Manifest.lock",
			);
			name = "[CP] Check Pods Manifest.lock";
			outputFileListPaths = (
			);
			outputPaths = (
				"$(DERIVED_FILE_DIR)/Pods-Playground-checkManifestLockResult.txt",
			);
			runOnlyForDeploymentPostprocessing = 0;
			shellPath = /bin/sh;
			shellScript = "diff \"${PODS_PODFILE_DIR_PATH}/Podfile.lock\" \"${PODS_ROOT}/Manifest.lock\" > /dev/null\nif [ $? != 0 ] ; then\n    # print error to STDERR\n    echo \"error: The sandbox is not in sync with the Podfile.lock. Run 'pod install' or update your CocoaPods installation.\" >&2\n    exit 1\nfi\n# This output is used by Xcode 'outputs' to avoid re-running this script phase.\necho \"SUCCESS\" > \"${SCRIPT_OUTPUT_FILE_0}\"\n";
			showEnvVarsInLog = 0;
		};
/* End PBXShellScriptBuildPhase section */

/* Begin PBXSourcesBuildPhase section */
		B55E4C582235AD9A00DB9B03 /* Sources */ = {
			isa = PBXSourcesBuildPhase;
			buildActionMask = 2147483647;
			files = (
				B55E4C802235BAA100DB9B03 /* GreenViewController.swift in Sources */,
				B55E4C612235AD9A00DB9B03 /* ContactsViewController.swift in Sources */,
				B55E4C7E2235B37200DB9B03 /* RootNavigationController.swift in Sources */,
				B55E4C742235B1FE00DB9B03 /* UIResponder+Extensions.swift in Sources */,
				B55E4C7A2235B34900DB9B03 /* HistoryNavigationController.swift in Sources */,
				B55E4C782235B32900DB9B03 /* ContactsNavigationController.swift in Sources */,
				B55E4C7C2235B35700DB9B03 /* TabBarController.swift in Sources */,
				B55E4C5F2235AD9A00DB9B03 /* AppDelegate.swift in Sources */,
				B55E4C762235B2A300DB9B03 /* HistoryViewController.swift in Sources */,
			);
			runOnlyForDeploymentPostprocessing = 0;
		};
		B5FC2A7E2022197600A15513 /* Sources */ = {
			isa = PBXSourcesBuildPhase;
			buildActionMask = 2147483647;
			files = (
			);
			runOnlyForDeploymentPostprocessing = 0;
		};
/* End PBXSourcesBuildPhase section */

/* Begin PBXVariantGroup section */
		B55E4C622235AD9A00DB9B03 /* Main.storyboard */ = {
			isa = PBXVariantGroup;
			children = (
				B55E4C632235AD9A00DB9B03 /* Base */,
			);
			name = Main.storyboard;
			sourceTree = "<group>";
		};
		B55E4C672235AD9B00DB9B03 /* LaunchScreen.storyboard */ = {
			isa = PBXVariantGroup;
			children = (
				B55E4C682235AD9B00DB9B03 /* Base */,
			);
			name = LaunchScreen.storyboard;
			sourceTree = "<group>";
		};
/* End PBXVariantGroup section */

/* Begin XCBuildConfiguration section */
		B55E4C6B2235AD9B00DB9B03 /* Debug */ = {
			isa = XCBuildConfiguration;
			buildSettings = {
				ASSETCATALOG_COMPILER_APPICON_NAME = AppIcon;
				CLANG_ENABLE_OBJC_WEAK = YES;
				CLANG_WARN_DEPRECATED_OBJC_IMPLEMENTATIONS = YES;
				CLANG_WARN_OBJC_IMPLICIT_RETAIN_SELF = YES;
				CODE_SIGN_STYLE = Automatic;
				DEVELOPMENT_TEAM = 6M9MT4KJZD;
				INFOPLIST_FILE = "ResponderChain/Supporting Files/Info.plist";
				LD_RUNPATH_SEARCH_PATHS = "$(inherited) @executable_path/Frameworks";
				MTL_ENABLE_DEBUG_INFO = INCLUDE_SOURCE;
				MTL_FAST_MATH = YES;
				PRODUCT_BUNDLE_IDENTIFIER = io.fourtytwo.ResponderChain;
				PRODUCT_NAME = "$(TARGET_NAME)";
				TARGETED_DEVICE_FAMILY = "1,2";
			};
			name = Debug;
		};
		B55E4C6C2235AD9B00DB9B03 /* Release */ = {
			isa = XCBuildConfiguration;
			buildSettings = {
				ASSETCATALOG_COMPILER_APPICON_NAME = AppIcon;
				CLANG_ENABLE_OBJC_WEAK = YES;
				CLANG_WARN_DEPRECATED_OBJC_IMPLEMENTATIONS = YES;
				CLANG_WARN_OBJC_IMPLICIT_RETAIN_SELF = YES;
				CODE_SIGN_STYLE = Automatic;
				DEVELOPMENT_TEAM = 6M9MT4KJZD;
				INFOPLIST_FILE = "ResponderChain/Supporting Files/Info.plist";
				LD_RUNPATH_SEARCH_PATHS = "$(inherited) @executable_path/Frameworks";
				MTL_FAST_MATH = YES;
				PRODUCT_BUNDLE_IDENTIFIER = io.fourtytwo.ResponderChain;
				PRODUCT_NAME = "$(TARGET_NAME)";
				TARGETED_DEVICE_FAMILY = "1,2";
			};
			name = Release;
		};
		B5FC2A892022197600A15513 /* Debug */ = {
			isa = XCBuildConfiguration;
			buildSettings = {
				ALWAYS_SEARCH_USER_PATHS = NO;
				CLANG_ANALYZER_NONNULL = YES;
				CLANG_ANALYZER_NUMBER_OBJECT_CONVERSION = YES_AGGRESSIVE;
				CLANG_CXX_LANGUAGE_STANDARD = "gnu++14";
				CLANG_CXX_LIBRARY = "libc++";
				CLANG_ENABLE_MODULES = YES;
				CLANG_ENABLE_OBJC_ARC = YES;
				CLANG_WARN_BLOCK_CAPTURE_AUTORELEASING = YES;
				CLANG_WARN_BOOL_CONVERSION = YES;
				CLANG_WARN_COMMA = YES;
				CLANG_WARN_CONSTANT_CONVERSION = YES;
				CLANG_WARN_DEPRECATED_OBJC_IMPLEMENTATIONS = YES;
				CLANG_WARN_DIRECT_OBJC_ISA_USAGE = YES_ERROR;
				CLANG_WARN_DOCUMENTATION_COMMENTS = YES;
				CLANG_WARN_EMPTY_BODY = YES;
				CLANG_WARN_ENUM_CONVERSION = YES;
				CLANG_WARN_INFINITE_RECURSION = YES;
				CLANG_WARN_INT_CONVERSION = YES;
				CLANG_WARN_NON_LITERAL_NULL_CONVERSION = YES;
				CLANG_WARN_OBJC_IMPLICIT_RETAIN_SELF = YES;
				CLANG_WARN_OBJC_LITERAL_CONVERSION = YES;
				CLANG_WARN_OBJC_ROOT_CLASS = YES_ERROR;
				CLANG_WARN_RANGE_LOOP_ANALYSIS = YES;
				CLANG_WARN_STRICT_PROTOTYPES = YES;
				CLANG_WARN_SUSPICIOUS_MOVE = YES;
				CLANG_WARN_UNGUARDED_AVAILABILITY = YES_AGGRESSIVE;
				CLANG_WARN_UNREACHABLE_CODE = YES;
				CLANG_WARN__DUPLICATE_METHOD_MATCH = YES;
				CODE_SIGN_IDENTITY = "iPhone Developer";
				COPY_PHASE_STRIP = NO;
				CURRENT_PROJECT_VERSION = 1;
				DEBUG_INFORMATION_FORMAT = dwarf;
				ENABLE_STRICT_OBJC_MSGSEND = YES;
				ENABLE_TESTABILITY = YES;
				GCC_C_LANGUAGE_STANDARD = gnu11;
				GCC_DYNAMIC_NO_PIC = NO;
				GCC_NO_COMMON_BLOCKS = YES;
				GCC_OPTIMIZATION_LEVEL = 0;
				GCC_PREPROCESSOR_DEFINITIONS = (
					"DEBUG=1",
					"$(inherited)",
				);
				GCC_WARN_64_TO_32_BIT_CONVERSION = YES;
				GCC_WARN_ABOUT_RETURN_TYPE = YES_ERROR;
				GCC_WARN_UNDECLARED_SELECTOR = YES;
				GCC_WARN_UNINITIALIZED_AUTOS = YES_AGGRESSIVE;
				GCC_WARN_UNUSED_FUNCTION = YES;
				GCC_WARN_UNUSED_VARIABLE = YES;
				IPHONEOS_DEPLOYMENT_TARGET = 13.2;
				MTL_ENABLE_DEBUG_INFO = YES;
				ONLY_ACTIVE_ARCH = YES;
				SDKROOT = iphoneos;
				SWIFT_ACTIVE_COMPILATION_CONDITIONS = DEBUG;
				SWIFT_OPTIMIZATION_LEVEL = "-Onone";
				SWIFT_VERSION = 5.0;
				VERSIONING_SYSTEM = "apple-generic";
				VERSION_INFO_PREFIX = "";
			};
			name = Debug;
		};
		B5FC2A8A2022197600A15513 /* Release */ = {
			isa = XCBuildConfiguration;
			buildSettings = {
				ALWAYS_SEARCH_USER_PATHS = NO;
				CLANG_ANALYZER_NONNULL = YES;
				CLANG_ANALYZER_NUMBER_OBJECT_CONVERSION = YES_AGGRESSIVE;
				CLANG_CXX_LANGUAGE_STANDARD = "gnu++14";
				CLANG_CXX_LIBRARY = "libc++";
				CLANG_ENABLE_MODULES = YES;
				CLANG_ENABLE_OBJC_ARC = YES;
				CLANG_WARN_BLOCK_CAPTURE_AUTORELEASING = YES;
				CLANG_WARN_BOOL_CONVERSION = YES;
				CLANG_WARN_COMMA = YES;
				CLANG_WARN_CONSTANT_CONVERSION = YES;
				CLANG_WARN_DEPRECATED_OBJC_IMPLEMENTATIONS = YES;
				CLANG_WARN_DIRECT_OBJC_ISA_USAGE = YES_ERROR;
				CLANG_WARN_DOCUMENTATION_COMMENTS = YES;
				CLANG_WARN_EMPTY_BODY = YES;
				CLANG_WARN_ENUM_CONVERSION = YES;
				CLANG_WARN_INFINITE_RECURSION = YES;
				CLANG_WARN_INT_CONVERSION = YES;
				CLANG_WARN_NON_LITERAL_NULL_CONVERSION = YES;
				CLANG_WARN_OBJC_IMPLICIT_RETAIN_SELF = YES;
				CLANG_WARN_OBJC_LITERAL_CONVERSION = YES;
				CLANG_WARN_OBJC_ROOT_CLASS = YES_ERROR;
				CLANG_WARN_RANGE_LOOP_ANALYSIS = YES;
				CLANG_WARN_STRICT_PROTOTYPES = YES;
				CLANG_WARN_SUSPICIOUS_MOVE = YES;
				CLANG_WARN_UNGUARDED_AVAILABILITY = YES_AGGRESSIVE;
				CLANG_WARN_UNREACHABLE_CODE = YES;
				CLANG_WARN__DUPLICATE_METHOD_MATCH = YES;
				CODE_SIGN_IDENTITY = "iPhone Developer";
				COPY_PHASE_STRIP = NO;
				CURRENT_PROJECT_VERSION = 1;
				DEBUG_INFORMATION_FORMAT = "dwarf-with-dsym";
				ENABLE_NS_ASSERTIONS = NO;
				ENABLE_STRICT_OBJC_MSGSEND = YES;
				GCC_C_LANGUAGE_STANDARD = gnu11;
				GCC_NO_COMMON_BLOCKS = YES;
				GCC_WARN_64_TO_32_BIT_CONVERSION = YES;
				GCC_WARN_ABOUT_RETURN_TYPE = YES_ERROR;
				GCC_WARN_UNDECLARED_SELECTOR = YES;
				GCC_WARN_UNINITIALIZED_AUTOS = YES_AGGRESSIVE;
				GCC_WARN_UNUSED_FUNCTION = YES;
				GCC_WARN_UNUSED_VARIABLE = YES;
				IPHONEOS_DEPLOYMENT_TARGET = 13.2;
				MTL_ENABLE_DEBUG_INFO = NO;
				SDKROOT = iphoneos;
				SWIFT_OPTIMIZATION_LEVEL = "-Owholemodule";
				SWIFT_VERSION = 5.0;
				VALIDATE_PRODUCT = YES;
				VERSIONING_SYSTEM = "apple-generic";
				VERSION_INFO_PREFIX = "";
			};
			name = Release;
		};
		B5FC2A8C2022197600A15513 /* Debug */ = {
			isa = XCBuildConfiguration;
			baseConfigurationReference = 9462853B71DF5BBCBB68835B /* Pods-Playground.debug.xcconfig */;
			buildSettings = {
				CLANG_ENABLE_MODULES = YES;
				CODE_SIGN_IDENTITY = "";
				CODE_SIGN_STYLE = Automatic;
				DEFINES_MODULE = YES;
				DEVELOPMENT_TEAM = 6M9MT4KJZD;
				DYLIB_COMPATIBILITY_VERSION = 1;
				DYLIB_CURRENT_VERSION = 1;
				DYLIB_INSTALL_NAME_BASE = "@rpath";
				INFOPLIST_FILE = Playground/Info.plist;
				INSTALL_PATH = "$(LOCAL_LIBRARY_DIR)/Frameworks";
				LD_RUNPATH_SEARCH_PATHS = "$(inherited) @executable_path/Frameworks @loader_path/Frameworks";
				PRODUCT_BUNDLE_IDENTIFIER = io.srz.Playground;
				PRODUCT_NAME = "$(TARGET_NAME:c99extidentifier)";
				SKIP_INSTALL = YES;
				SWIFT_OPTIMIZATION_LEVEL = "-Onone";
				TARGETED_DEVICE_FAMILY = "1,2";
			};
			name = Debug;
		};
		B5FC2A8D2022197600A15513 /* Release */ = {
			isa = XCBuildConfiguration;
			baseConfigurationReference = 5CCE972BF6AE473B13962ACB /* Pods-Playground.release.xcconfig */;
			buildSettings = {
				CLANG_ENABLE_MODULES = YES;
				CODE_SIGN_IDENTITY = "";
				CODE_SIGN_STYLE = Automatic;
				DEFINES_MODULE = YES;
				DEVELOPMENT_TEAM = 6M9MT4KJZD;
				DYLIB_COMPATIBILITY_VERSION = 1;
				DYLIB_CURRENT_VERSION = 1;
				DYLIB_INSTALL_NAME_BASE = "@rpath";
				INFOPLIST_FILE = Playground/Info.plist;
				INSTALL_PATH = "$(LOCAL_LIBRARY_DIR)/Frameworks";
				LD_RUNPATH_SEARCH_PATHS = "$(inherited) @executable_path/Frameworks @loader_path/Frameworks";
				PRODUCT_BUNDLE_IDENTIFIER = io.srz.Playground;
				PRODUCT_NAME = "$(TARGET_NAME:c99extidentifier)";
				SKIP_INSTALL = YES;
				TARGETED_DEVICE_FAMILY = "1,2";
			};
			name = Release;
		};
/* End XCBuildConfiguration section */

/* Begin XCConfigurationList section */
		B55E4C6D2235AD9B00DB9B03 /* Build configuration list for PBXNativeTarget "ResponderChain" */ = {
			isa = XCConfigurationList;
			buildConfigurations = (
				B55E4C6B2235AD9B00DB9B03 /* Debug */,
				B55E4C6C2235AD9B00DB9B03 /* Release */,
			);
			defaultConfigurationIsVisible = 0;
			defaultConfigurationName = Release;
		};
		B5FC2A7D2022197600A15513 /* Build configuration list for PBXProject "Playground" */ = {
			isa = XCConfigurationList;
			buildConfigurations = (
				B5FC2A892022197600A15513 /* Debug */,
				B5FC2A8A2022197600A15513 /* Release */,
			);
			defaultConfigurationIsVisible = 0;
			defaultConfigurationName = Release;
		};
		B5FC2A8B2022197600A15513 /* Build configuration list for PBXNativeTarget "Playground" */ = {
			isa = XCConfigurationList;
			buildConfigurations = (
				B5FC2A8C2022197600A15513 /* Debug */,
				B5FC2A8D2022197600A15513 /* Release */,
			);
			defaultConfigurationIsVisible = 0;
			defaultConfigurationName = Release;
		};
/* End XCConfigurationList section */
	};
	rootObject = B5FC2A7A2022197600A15513 /* Project object */;
}
