// !$*UTF8*$!
{
	archiveVersion = 1;
	classes = {
	};
	objectVersion = 50;
	objects = {

/* Begin PBXBuildFile section */
		D10A51F22600E0FD00B0F8A6 /* MapViewController.swift in Sources */ = {isa = PBXBuildFile; fileRef = D10A51F12600E0FD00B0F8A6 /* MapViewController.swift */; };
		D10A51F72600E12200B0F8A6 /* MapView.swift in Sources */ = {isa = PBXBuildFile; fileRef = D10A51F62600E12200B0F8A6 /* MapView.swift */; };
		D10A51FC2600E35600B0F8A6 /* CloseUpMapView.swift in Sources */ = {isa = PBXBuildFile; fileRef = D10A51FB2600E35600B0F8A6 /* CloseUpMapView.swift */; };
		D16A065E25FD5A7800D1BC3D /* App.swift in Sources */ = {isa = PBXBuildFile; fileRef = D16A065D25FD5A7800D1BC3D /* App.swift */; };
		D16A066025FD5A7800D1BC3D /* ContentView.swift in Sources */ = {isa = PBXBuildFile; fileRef = D16A065F25FD5A7800D1BC3D /* ContentView.swift */; };
		D16A066225FD5A7900D1BC3D /* Assets.xcassets in Resources */ = {isa = PBXBuildFile; fileRef = D16A066125FD5A7900D1BC3D /* Assets.xcassets */; };
		D16A066525FD5A7900D1BC3D /* Assets.xcassets in Resources */ = {isa = PBXBuildFile; fileRef = D16A066425FD5A7900D1BC3D /* Assets.xcassets */; };
		D16A067025FD5A7A00D1BC3D /* HelloSwiftUITests.swift in Sources */ = {isa = PBXBuildFile; fileRef = D16A066F25FD5A7A00D1BC3D /* HelloSwiftUITests.swift */; };
		D16A067B25FD5A7A00D1BC3D /* HelloSwiftUIUITests.swift in Sources */ = {isa = PBXBuildFile; fileRef = D16A067A25FD5A7A00D1BC3D /* HelloSwiftUIUITests.swift */; };
		D16A069625FE7E3500D1BC3D /* MenuListView.swift in Sources */ = {isa = PBXBuildFile; fileRef = D16A069525FE7E3500D1BC3D /* MenuListView.swift */; };
		D16A069E25FE7E8A00D1BC3D /* OrderListView.swift in Sources */ = {isa = PBXBuildFile; fileRef = D16A069D25FE7E8A00D1BC3D /* OrderListView.swift */; };
		D16A06A625FE7F8F00D1BC3D /* HeaderView.swift in Sources */ = {isa = PBXBuildFile; fileRef = D16A06A525FE7F8F00D1BC3D /* HeaderView.swift */; };
		D16A06AE25FE803800D1BC3D /* OrderItemView.swift in Sources */ = {isa = PBXBuildFile; fileRef = D16A06AD25FE803800D1BC3D /* OrderItemView.swift */; };
		D16A06B325FE806F00D1BC3D /* MenuItemView.swift in Sources */ = {isa = PBXBuildFile; fileRef = D16A06B225FE806F00D1BC3D /* MenuItemView.swift */; };
		D16A06B825FE80B700D1BC3D /* RatingView.swift in Sources */ = {isa = PBXBuildFile; fileRef = D16A06B725FE80B700D1BC3D /* RatingView.swift */; };
		D16A06D125FE81E500D1BC3D /* TitleView.swift in Sources */ = {isa = PBXBuildFile; fileRef = D16A06D025FE81E500D1BC3D /* TitleView.swift */; };
		D16A06D625FE82CD00D1BC3D /* HistoryListView.swift in Sources */ = {isa = PBXBuildFile; fileRef = D16A06D525FE82CD00D1BC3D /* HistoryListView.swift */; };
		D16A06DB25FE843B00D1BC3D /* ListHeaderView.swift in Sources */ = {isa = PBXBuildFile; fileRef = D16A06DA25FE843B00D1BC3D /* ListHeaderView.swift */; };
		D16A06E025FE8DE800D1BC3D /* SelectedImageView.swift in Sources */ = {isa = PBXBuildFile; fileRef = D16A06DF25FE8DE800D1BC3D /* SelectedImageView.swift */; };
		D16A06F126001B4300D1BC3D /* OrderModel.swift in Sources */ = {isa = PBXBuildFile; fileRef = D16A06EE26001B4300D1BC3D /* OrderModel.swift */; };
		D16A06F226001B4300D1BC3D /* MenuModel.swift in Sources */ = {isa = PBXBuildFile; fileRef = D16A06EF26001B4300D1BC3D /* MenuModel.swift */; };
		D16A06F326001B4300D1BC3D /* HistoryModel.swift in Sources */ = {isa = PBXBuildFile; fileRef = D16A06F026001B4300D1BC3D /* HistoryModel.swift */; };
		D16A06F8260021D400D1BC3D /* MenuDetailView.swift in Sources */ = {isa = PBXBuildFile; fileRef = D16A06F7260021D400D1BC3D /* MenuDetailView.swift */; };
		D16A07002600301600D1BC3D /* HistoryListItemView.swift in Sources */ = {isa = PBXBuildFile; fileRef = D16A06FF2600301600D1BC3D /* HistoryListItemView.swift */; };
		D16A07052600308E00D1BC3D /* HistoryDetailView.swift in Sources */ = {isa = PBXBuildFile; fileRef = D16A07042600308E00D1BC3D /* HistoryDetailView.swift */; };
		D16A070A2600323900D1BC3D /* TabBarView.swift in Sources */ = {isa = PBXBuildFile; fileRef = D16A07092600323900D1BC3D /* TabBarView.swift */; };
		D16A0715260037B300D1BC3D /* ConfirmView.swift in Sources */ = {isa = PBXBuildFile; fileRef = D16A0714260037B300D1BC3D /* ConfirmView.swift */; };
/* End PBXBuildFile section */

/* Begin PBXContainerItemProxy section */
		D16A066C25FD5A7A00D1BC3D /* PBXContainerItemProxy */ = {
			isa = PBXContainerItemProxy;
			containerPortal = D16A065225FD5A7800D1BC3D /* Project object */;
			proxyType = 1;
			remoteGlobalIDString = D16A065925FD5A7800D1BC3D;
			remoteInfo = HelloSwiftUI;
		};
		D16A067725FD5A7A00D1BC3D /* PBXContainerItemProxy */ = {
			isa = PBXContainerItemProxy;
			containerPortal = D16A065225FD5A7800D1BC3D /* Project object */;
			proxyType = 1;
			remoteGlobalIDString = D16A065925FD5A7800D1BC3D;
			remoteInfo = HelloSwiftUI;
		};
/* End PBXContainerItemProxy section */

/* Begin PBXFileReference section */
		D10A51F12600E0FD00B0F8A6 /* MapViewController.swift */ = {isa = PBXFileReference; fileEncoding = 4; lastKnownFileType = sourcecode.swift; path = MapViewController.swift; sourceTree = "<group>"; };
		D10A51F62600E12200B0F8A6 /* MapView.swift */ = {isa = PBXFileReference; lastKnownFileType = sourcecode.swift; path = MapView.swift; sourceTree = "<group>"; };
		D10A51FB2600E35600B0F8A6 /* CloseUpMapView.swift */ = {isa = PBXFileReference; fileEncoding = 4; lastKnownFileType = sourcecode.swift; path = CloseUpMapView.swift; sourceTree = "<group>"; };
		D16A065A25FD5A7800D1BC3D /* HelloSwiftUI.app */ = {isa = PBXFileReference; explicitFileType = wrapper.application; includeInIndex = 0; path = HelloSwiftUI.app; sourceTree = BUILT_PRODUCTS_DIR; };
		D16A065D25FD5A7800D1BC3D /* App.swift */ = {isa = PBXFileReference; lastKnownFileType = sourcecode.swift; path = App.swift; sourceTree = "<group>"; };
		D16A065F25FD5A7800D1BC3D /* ContentView.swift */ = {isa = PBXFileReference; lastKnownFileType = sourcecode.swift; path = ContentView.swift; sourceTree = "<group>"; };
		D16A066125FD5A7900D1BC3D /* Assets.xcassets */ = {isa = PBXFileReference; lastKnownFileType = folder.assetcatalog; path = Assets.xcassets; sourceTree = "<group>"; };
		D16A066425FD5A7900D1BC3D /* Assets.xcassets */ = {isa = PBXFileReference; lastKnownFileType = folder.assetcatalog; path = Assets.xcassets; sourceTree = "<group>"; };
		D16A066625FD5A7900D1BC3D /* Info.plist */ = {isa = PBXFileReference; lastKnownFileType = text.plist.xml; path = Info.plist; sourceTree = "<group>"; };
		D16A066B25FD5A7A00D1BC3D /* HelloSwiftUITests.xctest */ = {isa = PBXFileReference; explicitFileType = wrapper.cfbundle; includeInIndex = 0; path = HelloSwiftUITests.xctest; sourceTree = BUILT_PRODUCTS_DIR; };
		D16A066F25FD5A7A00D1BC3D /* HelloSwiftUITests.swift */ = {isa = PBXFileReference; lastKnownFileType = sourcecode.swift; path = HelloSwiftUITests.swift; sourceTree = "<group>"; };
		D16A067125FD5A7A00D1BC3D /* Info.plist */ = {isa = PBXFileReference; lastKnownFileType = text.plist.xml; path = Info.plist; sourceTree = "<group>"; };
		D16A067625FD5A7A00D1BC3D /* HelloSwiftUIUITests.xctest */ = {isa = PBXFileReference; explicitFileType = wrapper.cfbundle; includeInIndex = 0; path = HelloSwiftUIUITests.xctest; sourceTree = BUILT_PRODUCTS_DIR; };
		D16A067A25FD5A7A00D1BC3D /* HelloSwiftUIUITests.swift */ = {isa = PBXFileReference; lastKnownFileType = sourcecode.swift; path = HelloSwiftUIUITests.swift; sourceTree = "<group>"; };
		D16A067C25FD5A7A00D1BC3D /* Info.plist */ = {isa = PBXFileReference; lastKnownFileType = text.plist.xml; path = Info.plist; sourceTree = "<group>"; };
		D16A069525FE7E3500D1BC3D /* MenuListView.swift */ = {isa = PBXFileReference; lastKnownFileType = sourcecode.swift; path = MenuListView.swift; sourceTree = SOURCE_ROOT; };
		D16A069D25FE7E8A00D1BC3D /* OrderListView.swift */ = {isa = PBXFileReference; lastKnownFileType = sourcecode.swift; path = OrderListView.swift; sourceTree = "<group>"; };
		D16A06A525FE7F8F00D1BC3D /* HeaderView.swift */ = {isa = PBXFileReference; lastKnownFileType = sourcecode.swift; path = HeaderView.swift; sourceTree = "<group>"; };
		D16A06AD25FE803800D1BC3D /* OrderItemView.swift */ = {isa = PBXFileReference; lastKnownFileType = sourcecode.swift; path = OrderItemView.swift; sourceTree = "<group>"; };
		D16A06B225FE806F00D1BC3D /* MenuItemView.swift */ = {isa = PBXFileReference; lastKnownFileType = sourcecode.swift; path = MenuItemView.swift; sourceTree = "<group>"; };
		D16A06B725FE80B700D1BC3D /* RatingView.swift */ = {isa = PBXFileReference; lastKnownFileType = sourcecode.swift; path = RatingView.swift; sourceTree = "<group>"; };
		D16A06D025FE81E500D1BC3D /* TitleView.swift */ = {isa = PBXFileReference; lastKnownFileType = sourcecode.swift; path = TitleView.swift; sourceTree = "<group>"; };
		D16A06D525FE82CD00D1BC3D /* HistoryListView.swift */ = {isa = PBXFileReference; lastKnownFileType = sourcecode.swift; path = HistoryListView.swift; sourceTree = "<group>"; };
		D16A06DA25FE843B00D1BC3D /* ListHeaderView.swift */ = {isa = PBXFileReference; lastKnownFileType = sourcecode.swift; path = ListHeaderView.swift; sourceTree = "<group>"; };
		D16A06DF25FE8DE800D1BC3D /* SelectedImageView.swift */ = {isa = PBXFileReference; lastKnownFileType = sourcecode.swift; path = SelectedImageView.swift; sourceTree = "<group>"; };
		D16A06EE26001B4300D1BC3D /* OrderModel.swift */ = {isa = PBXFileReference; fileEncoding = 4; lastKnownFileType = sourcecode.swift; path = OrderModel.swift; sourceTree = "<group>"; };
		D16A06EF26001B4300D1BC3D /* MenuModel.swift */ = {isa = PBXFileReference; fileEncoding = 4; lastKnownFileType = sourcecode.swift; path = MenuModel.swift; sourceTree = "<group>"; };
		D16A06F026001B4300D1BC3D /* HistoryModel.swift */ = {isa = PBXFileReference; fileEncoding = 4; lastKnownFileType = sourcecode.swift; path = HistoryModel.swift; sourceTree = "<group>"; };
		D16A06F7260021D400D1BC3D /* MenuDetailView.swift */ = {isa = PBXFileReference; fileEncoding = 4; lastKnownFileType = sourcecode.swift; path = MenuDetailView.swift; sourceTree = "<group>"; };
		D16A06FF2600301600D1BC3D /* HistoryListItemView.swift */ = {isa = PBXFileReference; lastKnownFileType = sourcecode.swift; path = HistoryListItemView.swift; sourceTree = "<group>"; };
		D16A07042600308E00D1BC3D /* HistoryDetailView.swift */ = {isa = PBXFileReference; fileEncoding = 4; lastKnownFileType = sourcecode.swift; path = HistoryDetailView.swift; sourceTree = "<group>"; };
		D16A07092600323900D1BC3D /* TabBarView.swift */ = {isa = PBXFileReference; lastKnownFileType = sourcecode.swift; path = TabBarView.swift; sourceTree = "<group>"; };
		D16A0714260037B300D1BC3D /* ConfirmView.swift */ = {isa = PBXFileReference; fileEncoding = 4; lastKnownFileType = sourcecode.swift; path = ConfirmView.swift; sourceTree = "<group>"; };
/* End PBXFileReference section */

/* Begin PBXFrameworksBuildPhase section */
		D16A065725FD5A7800D1BC3D /* Frameworks */ = {
			isa = PBXFrameworksBuildPhase;
			buildActionMask = 2147483647;
			files = (
			);
			runOnlyForDeploymentPostprocessing = 0;
		};
		D16A066825FD5A7A00D1BC3D /* Frameworks */ = {
			isa = PBXFrameworksBuildPhase;
			buildActionMask = 2147483647;
			files = (
			);
			runOnlyForDeploymentPostprocessing = 0;
		};
		D16A067325FD5A7A00D1BC3D /* Frameworks */ = {
			isa = PBXFrameworksBuildPhase;
			buildActionMask = 2147483647;
			files = (
			);
			runOnlyForDeploymentPostprocessing = 0;
		};
/* End PBXFrameworksBuildPhase section */

/* Begin PBXGroup section */
		D10A51F02600E0E800B0F8A6 /* View Controllers */ = {
			isa = PBXGroup;
			children = (
				D10A51F12600E0FD00B0F8A6 /* MapViewController.swift */,
			);
			path = "View Controllers";
			sourceTree = "<group>";
		};
		D16A065125FD5A7800D1BC3D = {
			isa = PBXGroup;
			children = (
				D16A065C25FD5A7800D1BC3D /* HelloSwiftUI */,
				D16A066E25FD5A7A00D1BC3D /* HelloSwiftUITests */,
				D16A067925FD5A7A00D1BC3D /* HelloSwiftUIUITests */,
				D16A065B25FD5A7800D1BC3D /* Products */,
			);
			sourceTree = "<group>";
		};
		D16A065B25FD5A7800D1BC3D /* Products */ = {
			isa = PBXGroup;
			children = (
				D16A065A25FD5A7800D1BC3D /* HelloSwiftUI.app */,
				D16A066B25FD5A7A00D1BC3D /* HelloSwiftUITests.xctest */,
				D16A067625FD5A7A00D1BC3D /* HelloSwiftUIUITests.xctest */,
			);
			name = Products;
			sourceTree = "<group>";
		};
		D16A065C25FD5A7800D1BC3D /* HelloSwiftUI */ = {
			isa = PBXGroup;
			children = (
				D16A06ED26001B3100D1BC3D /* Models */,
				D16A06C625FE816800D1BC3D /* Preview */,
				D16A06C225FE812C00D1BC3D /* Resources */,
				D16A069425FE7E1100D1BC3D /* Views */,
				D10A51F02600E0E800B0F8A6 /* View Controllers */,
				D16A065D25FD5A7800D1BC3D /* App.swift */,
			);
			path = HelloSwiftUI;
			sourceTree = "<group>";
		};
		D16A066E25FD5A7A00D1BC3D /* HelloSwiftUITests */ = {
			isa = PBXGroup;
			children = (
				D16A066F25FD5A7A00D1BC3D /* HelloSwiftUITests.swift */,
				D16A067125FD5A7A00D1BC3D /* Info.plist */,
			);
			path = HelloSwiftUITests;
			sourceTree = "<group>";
		};
		D16A067925FD5A7A00D1BC3D /* HelloSwiftUIUITests */ = {
			isa = PBXGroup;
			children = (
				D16A067A25FD5A7A00D1BC3D /* HelloSwiftUIUITests.swift */,
				D16A067C25FD5A7A00D1BC3D /* Info.plist */,
			);
			path = HelloSwiftUIUITests;
			sourceTree = "<group>";
		};
		D16A069425FE7E1100D1BC3D /* Views */ = {
			isa = PBXGroup;
			children = (
				D10A51FB2600E35600B0F8A6 /* CloseUpMapView.swift */,
				D16A0714260037B300D1BC3D /* ConfirmView.swift */,
				D16A065F25FD5A7800D1BC3D /* ContentView.swift */,
				D16A06A525FE7F8F00D1BC3D /* HeaderView.swift */,
				D16A07042600308E00D1BC3D /* HistoryDetailView.swift */,
				D16A06FF2600301600D1BC3D /* HistoryListItemView.swift */,
				D16A06D525FE82CD00D1BC3D /* HistoryListView.swift */,
				D16A06DA25FE843B00D1BC3D /* ListHeaderView.swift */,
				D10A51F62600E12200B0F8A6 /* MapView.swift */,
				D16A06F7260021D400D1BC3D /* MenuDetailView.swift */,
				D16A06B225FE806F00D1BC3D /* MenuItemView.swift */,
				D16A069525FE7E3500D1BC3D /* MenuListView.swift */,
				D16A06AD25FE803800D1BC3D /* OrderItemView.swift */,
				D16A069D25FE7E8A00D1BC3D /* OrderListView.swift */,
				D16A06B725FE80B700D1BC3D /* RatingView.swift */,
				D16A06DF25FE8DE800D1BC3D /* SelectedImageView.swift */,
				D16A07092600323900D1BC3D /* TabBarView.swift */,
				D16A06D025FE81E500D1BC3D /* TitleView.swift */,
			);
			path = Views;
			sourceTree = "<group>";
		};
		D16A06C225FE812C00D1BC3D /* Resources */ = {
			isa = PBXGroup;
			children = (
				D16A066125FD5A7900D1BC3D /* Assets.xcassets */,
				D16A066625FD5A7900D1BC3D /* Info.plist */,
			);
			path = Resources;
			sourceTree = "<group>";
		};
		D16A06C625FE816800D1BC3D /* Preview */ = {
			isa = PBXGroup;
			children = (
				D16A066425FD5A7900D1BC3D /* Assets.xcassets */,
			);
			path = Preview;
			sourceTree = "<group>";
		};
		D16A06ED26001B3100D1BC3D /* Models */ = {
			isa = PBXGroup;
			children = (
				D16A06F026001B4300D1BC3D /* HistoryModel.swift */,
				D16A06EF26001B4300D1BC3D /* MenuModel.swift */,
				D16A06EE26001B4300D1BC3D /* OrderModel.swift */,
			);
			path = Models;
			sourceTree = "<group>";
		};
/* End PBXGroup section */

/* Begin PBXNativeTarget section */
		D16A065925FD5A7800D1BC3D /* HelloSwiftUI */ = {
			isa = PBXNativeTarget;
			buildConfigurationList = D16A067F25FD5A7A00D1BC3D /* Build configuration list for PBXNativeTarget "HelloSwiftUI" */;
			buildPhases = (
				D16A065625FD5A7800D1BC3D /* Sources */,
				D16A065725FD5A7800D1BC3D /* Frameworks */,
				D16A065825FD5A7800D1BC3D /* Resources */,
			);
			buildRules = (
			);
			dependencies = (
			);
			name = HelloSwiftUI;
			productName = HelloSwiftUI;
			productReference = D16A065A25FD5A7800D1BC3D /* HelloSwiftUI.app */;
			productType = "com.apple.product-type.application";
		};
		D16A066A25FD5A7A00D1BC3D /* HelloSwiftUITests */ = {
			isa = PBXNativeTarget;
			buildConfigurationList = D16A068225FD5A7A00D1BC3D /* Build configuration list for PBXNativeTarget "HelloSwiftUITests" */;
			buildPhases = (
				D16A066725FD5A7A00D1BC3D /* Sources */,
				D16A066825FD5A7A00D1BC3D /* Frameworks */,
				D16A066925FD5A7A00D1BC3D /* Resources */,
			);
			buildRules = (
			);
			dependencies = (
				D16A066D25FD5A7A00D1BC3D /* PBXTargetDependency */,
			);
			name = HelloSwiftUITests;
			productName = HelloSwiftUITests;
			productReference = D16A066B25FD5A7A00D1BC3D /* HelloSwiftUITests.xctest */;
			productType = "com.apple.product-type.bundle.unit-test";
		};
		D16A067525FD5A7A00D1BC3D /* HelloSwiftUIUITests */ = {
			isa = PBXNativeTarget;
			buildConfigurationList = D16A068525FD5A7A00D1BC3D /* Build configuration list for PBXNativeTarget "HelloSwiftUIUITests" */;
			buildPhases = (
				D16A067225FD5A7A00D1BC3D /* Sources */,
				D16A067325FD5A7A00D1BC3D /* Frameworks */,
				D16A067425FD5A7A00D1BC3D /* Resources */,
			);
			buildRules = (
			);
			dependencies = (
				D16A067825FD5A7A00D1BC3D /* PBXTargetDependency */,
			);
			name = HelloSwiftUIUITests;
			productName = HelloSwiftUIUITests;
			productReference = D16A067625FD5A7A00D1BC3D /* HelloSwiftUIUITests.xctest */;
			productType = "com.apple.product-type.bundle.ui-testing";
		};
/* End PBXNativeTarget section */

/* Begin PBXProject section */
		D16A065225FD5A7800D1BC3D /* Project object */ = {
			isa = PBXProject;
			attributes = {
				LastSwiftUpdateCheck = 1240;
				LastUpgradeCheck = 1240;
				TargetAttributes = {
					D16A065925FD5A7800D1BC3D = {
						CreatedOnToolsVersion = 12.4;
					};
					D16A066A25FD5A7A00D1BC3D = {
						CreatedOnToolsVersion = 12.4;
						TestTargetID = D16A065925FD5A7800D1BC3D;
					};
					D16A067525FD5A7A00D1BC3D = {
						CreatedOnToolsVersion = 12.4;
						TestTargetID = D16A065925FD5A7800D1BC3D;
					};
				};
			};
			buildConfigurationList = D16A065525FD5A7800D1BC3D /* Build configuration list for PBXProject "HelloSwiftUI" */;
			compatibilityVersion = "Xcode 9.3";
			developmentRegion = en;
			hasScannedForEncodings = 0;
			knownRegions = (
				en,
				Base,
			);
			mainGroup = D16A065125FD5A7800D1BC3D;
			productRefGroup = D16A065B25FD5A7800D1BC3D /* Products */;
			projectDirPath = "";
			projectRoot = "";
			targets = (
				D16A065925FD5A7800D1BC3D /* HelloSwiftUI */,
				D16A066A25FD5A7A00D1BC3D /* HelloSwiftUITests */,
				D16A067525FD5A7A00D1BC3D /* HelloSwiftUIUITests */,
			);
		};
/* End PBXProject section */

/* Begin PBXResourcesBuildPhase section */
		D16A065825FD5A7800D1BC3D /* Resources */ = {
			isa = PBXResourcesBuildPhase;
			buildActionMask = 2147483647;
			files = (
				D16A066525FD5A7900D1BC3D /* Assets.xcassets in Resources */,
				D16A066225FD5A7900D1BC3D /* Assets.xcassets in Resources */,
			);
			runOnlyForDeploymentPostprocessing = 0;
		};
		D16A066925FD5A7A00D1BC3D /* Resources */ = {
			isa = PBXResourcesBuildPhase;
			buildActionMask = 2147483647;
			files = (
			);
			runOnlyForDeploymentPostprocessing = 0;
		};
		D16A067425FD5A7A00D1BC3D /* Resources */ = {
			isa = PBXResourcesBuildPhase;
			buildActionMask = 2147483647;
			files = (
			);
			runOnlyForDeploymentPostprocessing = 0;
		};
/* End PBXResourcesBuildPhase section */

/* Begin PBXSourcesBuildPhase section */
		D16A065625FD5A7800D1BC3D /* Sources */ = {
			isa = PBXSourcesBuildPhase;
			buildActionMask = 2147483647;
			files = (
				D16A07002600301600D1BC3D /* HistoryListItemView.swift in Sources */,
				D16A06A625FE7F8F00D1BC3D /* HeaderView.swift in Sources */,
				D16A06E025FE8DE800D1BC3D /* SelectedImageView.swift in Sources */,
				D10A51F72600E12200B0F8A6 /* MapView.swift in Sources */,
				D16A06F8260021D400D1BC3D /* MenuDetailView.swift in Sources */,
				D16A07052600308E00D1BC3D /* HistoryDetailView.swift in Sources */,
				D16A066025FD5A7800D1BC3D /* ContentView.swift in Sources */,
				D16A06F126001B4300D1BC3D /* OrderModel.swift in Sources */,
				D16A069E25FE7E8A00D1BC3D /* OrderListView.swift in Sources */,
				D16A06B825FE80B700D1BC3D /* RatingView.swift in Sources */,
				D16A069625FE7E3500D1BC3D /* MenuListView.swift in Sources */,
				D16A06D125FE81E500D1BC3D /* TitleView.swift in Sources */,
				D16A06B325FE806F00D1BC3D /* MenuItemView.swift in Sources */,
				D16A06D625FE82CD00D1BC3D /* HistoryListView.swift in Sources */,
				D10A51F22600E0FD00B0F8A6 /* MapViewController.swift in Sources */,
				D16A0715260037B300D1BC3D /* ConfirmView.swift in Sources */,
				D16A06F226001B4300D1BC3D /* MenuModel.swift in Sources */,
				D16A06F326001B4300D1BC3D /* HistoryModel.swift in Sources */,
				D16A06DB25FE843B00D1BC3D /* ListHeaderView.swift in Sources */,
				D16A06AE25FE803800D1BC3D /* OrderItemView.swift in Sources */,
				D10A51FC2600E35600B0F8A6 /* CloseUpMapView.swift in Sources */,
				D16A065E25FD5A7800D1BC3D /* App.swift in Sources */,
				D16A070A2600323900D1BC3D /* TabBarView.swift in Sources */,
			);
			runOnlyForDeploymentPostprocessing = 0;
		};
		D16A066725FD5A7A00D1BC3D /* Sources */ = {
			isa = PBXSourcesBuildPhase;
			buildActionMask = 2147483647;
			files = (
				D16A067025FD5A7A00D1BC3D /* HelloSwiftUITests.swift in Sources */,
			);
			runOnlyForDeploymentPostprocessing = 0;
		};
		D16A067225FD5A7A00D1BC3D /* Sources */ = {
			isa = PBXSourcesBuildPhase;
			buildActionMask = 2147483647;
			files = (
				D16A067B25FD5A7A00D1BC3D /* HelloSwiftUIUITests.swift in Sources */,
			);
			runOnlyForDeploymentPostprocessing = 0;
		};
/* End PBXSourcesBuildPhase section */

/* Begin PBXTargetDependency section */
		D16A066D25FD5A7A00D1BC3D /* PBXTargetDependency */ = {
			isa = PBXTargetDependency;
			target = D16A065925FD5A7800D1BC3D /* HelloSwiftUI */;
			targetProxy = D16A066C25FD5A7A00D1BC3D /* PBXContainerItemProxy */;
		};
		D16A067825FD5A7A00D1BC3D /* PBXTargetDependency */ = {
			isa = PBXTargetDependency;
			target = D16A065925FD5A7800D1BC3D /* HelloSwiftUI */;
			targetProxy = D16A067725FD5A7A00D1BC3D /* PBXContainerItemProxy */;
		};
/* End PBXTargetDependency section */

/* Begin XCBuildConfiguration section */
		D16A067D25FD5A7A00D1BC3D /* Debug */ = {
			isa = XCBuildConfiguration;
			buildSettings = {
				ALWAYS_SEARCH_USER_PATHS = NO;
				CLANG_ANALYZER_NONNULL = YES;
				CLANG_ANALYZER_NUMBER_OBJECT_CONVERSION = YES_AGGRESSIVE;
				CLANG_CXX_LANGUAGE_STANDARD = "gnu++14";
				CLANG_CXX_LIBRARY = "libc++";
				CLANG_ENABLE_MODULES = YES;
				CLANG_ENABLE_OBJC_ARC = YES;
				CLANG_ENABLE_OBJC_WEAK = YES;
				CLANG_WARN_BLOCK_CAPTURE_AUTORELEASING = YES;
				CLANG_WARN_BOOL_CONVERSION = YES;
				CLANG_WARN_COMMA = YES;
				CLANG_WARN_CONSTANT_CONVERSION = YES;
				CLANG_WARN_DEPRECATED_OBJC_IMPLEMENTATIONS = YES;
				CLANG_WARN_DIRECT_OBJC_ISA_USAGE = YES_ERROR;
				CLANG_WARN_DOCUMENTATION_COMMENTS = YES;
				CLANG_WARN_EMPTY_BODY = YES;
				CLANG_WARN_ENUM_CONVERSION = YES;
				CLANG_WARN_INFINITE_RECURSION = YES;
				CLANG_WARN_INT_CONVERSION = YES;
				CLANG_WARN_NON_LITERAL_NULL_CONVERSION = YES;
				CLANG_WARN_OBJC_IMPLICIT_RETAIN_SELF = YES;
				CLANG_WARN_OBJC_LITERAL_CONVERSION = YES;
				CLANG_WARN_OBJC_ROOT_CLASS = YES_ERROR;
				CLANG_WARN_QUOTED_INCLUDE_IN_FRAMEWORK_HEADER = YES;
				CLANG_WARN_RANGE_LOOP_ANALYSIS = YES;
				CLANG_WARN_STRICT_PROTOTYPES = YES;
				CLANG_WARN_SUSPICIOUS_MOVE = YES;
				CLANG_WARN_UNGUARDED_AVAILABILITY = YES_AGGRESSIVE;
				CLANG_WARN_UNREACHABLE_CODE = YES;
				CLANG_WARN__DUPLICATE_METHOD_MATCH = YES;
				COPY_PHASE_STRIP = NO;
				DEBUG_INFORMATION_FORMAT = dwarf;
				ENABLE_STRICT_OBJC_MSGSEND = YES;
				ENABLE_TESTABILITY = YES;
				GCC_C_LANGUAGE_STANDARD = gnu11;
				GCC_DYNAMIC_NO_PIC = NO;
				GCC_NO_COMMON_BLOCKS = YES;
				GCC_OPTIMIZATION_LEVEL = 0;
				GCC_PREPROCESSOR_DEFINITIONS = (
					"DEBUG=1",
					"$(inherited)",
				);
				GCC_WARN_64_TO_32_BIT_CONVERSION = YES;
				GCC_WARN_ABOUT_RETURN_TYPE = YES_ERROR;
				GCC_WARN_UNDECLARED_SELECTOR = YES;
				GCC_WARN_UNINITIALIZED_AUTOS = YES_AGGRESSIVE;
				GCC_WARN_UNUSED_FUNCTION = YES;
				GCC_WARN_UNUSED_VARIABLE = YES;
				IPHONEOS_DEPLOYMENT_TARGET = 14.4;
				MTL_ENABLE_DEBUG_INFO = INCLUDE_SOURCE;
				MTL_FAST_MATH = YES;
				ONLY_ACTIVE_ARCH = YES;
				SDKROOT = iphoneos;
				SWIFT_ACTIVE_COMPILATION_CONDITIONS = DEBUG;
				SWIFT_OPTIMIZATION_LEVEL = "-Onone";
			};
			name = Debug;
		};
		D16A067E25FD5A7A00D1BC3D /* Release */ = {
			isa = XCBuildConfiguration;
			buildSettings = {
				ALWAYS_SEARCH_USER_PATHS = NO;
				CLANG_ANALYZER_NONNULL = YES;
				CLANG_ANALYZER_NUMBER_OBJECT_CONVERSION = YES_AGGRESSIVE;
				CLANG_CXX_LANGUAGE_STANDARD = "gnu++14";
				CLANG_CXX_LIBRARY = "libc++";
				CLANG_ENABLE_MODULES = YES;
				CLANG_ENABLE_OBJC_ARC = YES;
				CLANG_ENABLE_OBJC_WEAK = YES;
				CLANG_WARN_BLOCK_CAPTURE_AUTORELEASING = YES;
				CLANG_WARN_BOOL_CONVERSION = YES;
				CLANG_WARN_COMMA = YES;
				CLANG_WARN_CONSTANT_CONVERSION = YES;
				CLANG_WARN_DEPRECATED_OBJC_IMPLEMENTATIONS = YES;
				CLANG_WARN_DIRECT_OBJC_ISA_USAGE = YES_ERROR;
				CLANG_WARN_DOCUMENTATION_COMMENTS = YES;
				CLANG_WARN_EMPTY_BODY = YES;
				CLANG_WARN_ENUM_CONVERSION = YES;
				CLANG_WARN_INFINITE_RECURSION = YES;
				CLANG_WARN_INT_CONVERSION = YES;
				CLANG_WARN_NON_LITERAL_NULL_CONVERSION = YES;
				CLANG_WARN_OBJC_IMPLICIT_RETAIN_SELF = YES;
				CLANG_WARN_OBJC_LITERAL_CONVERSION = YES;
				CLANG_WARN_OBJC_ROOT_CLASS = YES_ERROR;
				CLANG_WARN_QUOTED_INCLUDE_IN_FRAMEWORK_HEADER = YES;
				CLANG_WARN_RANGE_LOOP_ANALYSIS = YES;
				CLANG_WARN_STRICT_PROTOTYPES = YES;
				CLANG_WARN_SUSPICIOUS_MOVE = YES;
				CLANG_WARN_UNGUARDED_AVAILABILITY = YES_AGGRESSIVE;
				CLANG_WARN_UNREACHABLE_CODE = YES;
				CLANG_WARN__DUPLICATE_METHOD_MATCH = YES;
				COPY_PHASE_STRIP = NO;
				DEBUG_INFORMATION_FORMAT = "dwarf-with-dsym";
				ENABLE_NS_ASSERTIONS = NO;
				ENABLE_STRICT_OBJC_MSGSEND = YES;
				GCC_C_LANGUAGE_STANDARD = gnu11;
				GCC_NO_COMMON_BLOCKS = YES;
				GCC_WARN_64_TO_32_BIT_CONVERSION = YES;
				GCC_WARN_ABOUT_RETURN_TYPE = YES_ERROR;
				GCC_WARN_UNDECLARED_SELECTOR = YES;
				GCC_WARN_UNINITIALIZED_AUTOS = YES_AGGRESSIVE;
				GCC_WARN_UNUSED_FUNCTION = YES;
				GCC_WARN_UNUSED_VARIABLE = YES;
				IPHONEOS_DEPLOYMENT_TARGET = 14.4;
				MTL_ENABLE_DEBUG_INFO = NO;
				MTL_FAST_MATH = YES;
				SDKROOT = iphoneos;
				SWIFT_COMPILATION_MODE = wholemodule;
				SWIFT_OPTIMIZATION_LEVEL = "-O";
				VALIDATE_PRODUCT = YES;
			};
			name = Release;
		};
		D16A068025FD5A7A00D1BC3D /* Debug */ = {
			isa = XCBuildConfiguration;
			buildSettings = {
				ASSETCATALOG_COMPILER_APPICON_NAME = AppIcon;
				ASSETCATALOG_COMPILER_GLOBAL_ACCENT_COLOR_NAME = AccentColor;
				CODE_SIGN_STYLE = Automatic;
				DEVELOPMENT_ASSET_PATHS = "\"HelloSwiftUI/Preview\"";
				DEVELOPMENT_TEAM = 6M9MT4KJZD;
				ENABLE_PREVIEWS = YES;
				INFOPLIST_FILE = HelloSwiftUI/Resources/Info.plist;
				IPHONEOS_DEPLOYMENT_TARGET = 14.0;
				LD_RUNPATH_SEARCH_PATHS = (
					"$(inherited)",
					"@executable_path/Frameworks",
				);
				PRODUCT_BUNDLE_IDENTIFIER = io.srz.HelloSwiftUI;
				PRODUCT_NAME = "$(TARGET_NAME)";
				SWIFT_VERSION = 5.0;
				TARGETED_DEVICE_FAMILY = "1,2";
			};
			name = Debug;
		};
		D16A068125FD5A7A00D1BC3D /* Release */ = {
			isa = XCBuildConfiguration;
			buildSettings = {
				ASSETCATALOG_COMPILER_APPICON_NAME = AppIcon;
				ASSETCATALOG_COMPILER_GLOBAL_ACCENT_COLOR_NAME = AccentColor;
				CODE_SIGN_STYLE = Automatic;
				DEVELOPMENT_ASSET_PATHS = "\"HelloSwiftUI/Preview\"";
				DEVELOPMENT_TEAM = 6M9MT4KJZD;
				ENABLE_PREVIEWS = YES;
				INFOPLIST_FILE = HelloSwiftUI/Resources/Info.plist;
				IPHONEOS_DEPLOYMENT_TARGET = 14.0;
				LD_RUNPATH_SEARCH_PATHS = (
					"$(inherited)",
					"@executable_path/Frameworks",
				);
				PRODUCT_BUNDLE_IDENTIFIER = io.srz.HelloSwiftUI;
				PRODUCT_NAME = "$(TARGET_NAME)";
				SWIFT_VERSION = 5.0;
				TARGETED_DEVICE_FAMILY = "1,2";
			};
			name = Release;
		};
		D16A068325FD5A7A00D1BC3D /* Debug */ = {
			isa = XCBuildConfiguration;
			buildSettings = {
				ALWAYS_EMBED_SWIFT_STANDARD_LIBRARIES = YES;
				BUNDLE_LOADER = "$(TEST_HOST)";
				CODE_SIGN_STYLE = Automatic;
				DEVELOPMENT_TEAM = 6M9MT4KJZD;
				INFOPLIST_FILE = HelloSwiftUITests/Info.plist;
				IPHONEOS_DEPLOYMENT_TARGET = 14.0;
				LD_RUNPATH_SEARCH_PATHS = (
					"$(inherited)",
					"@executable_path/Frameworks",
					"@loader_path/Frameworks",
				);
				PRODUCT_BUNDLE_IDENTIFIER = io.srz.HelloSwiftUITests;
				PRODUCT_NAME = "$(TARGET_NAME)";
				SWIFT_VERSION = 5.0;
				TARGETED_DEVICE_FAMILY = "1,2";
				TEST_HOST = "$(BUILT_PRODUCTS_DIR)/HelloSwiftUI.app/HelloSwiftUI";
			};
			name = Debug;
		};
		D16A068425FD5A7A00D1BC3D /* Release */ = {
			isa = XCBuildConfiguration;
			buildSettings = {
				ALWAYS_EMBED_SWIFT_STANDARD_LIBRARIES = YES;
				BUNDLE_LOADER = "$(TEST_HOST)";
				CODE_SIGN_STYLE = Automatic;
				DEVELOPMENT_TEAM = 6M9MT4KJZD;
				INFOPLIST_FILE = HelloSwiftUITests/Info.plist;
				IPHONEOS_DEPLOYMENT_TARGET = 14.0;
				LD_RUNPATH_SEARCH_PATHS = (
					"$(inherited)",
					"@executable_path/Frameworks",
					"@loader_path/Frameworks",
				);
				PRODUCT_BUNDLE_IDENTIFIER = io.srz.HelloSwiftUITests;
				PRODUCT_NAME = "$(TARGET_NAME)";
				SWIFT_VERSION = 5.0;
				TARGETED_DEVICE_FAMILY = "1,2";
				TEST_HOST = "$(BUILT_PRODUCTS_DIR)/HelloSwiftUI.app/HelloSwiftUI";
			};
			name = Release;
		};
		D16A068625FD5A7A00D1BC3D /* Debug */ = {
			isa = XCBuildConfiguration;
			buildSettings = {
				ALWAYS_EMBED_SWIFT_STANDARD_LIBRARIES = YES;
				CODE_SIGN_STYLE = Automatic;
				DEVELOPMENT_TEAM = 6M9MT4KJZD;
				INFOPLIST_FILE = HelloSwiftUIUITests/Info.plist;
				LD_RUNPATH_SEARCH_PATHS = (
					"$(inherited)",
					"@executable_path/Frameworks",
					"@loader_path/Frameworks",
				);
				PRODUCT_BUNDLE_IDENTIFIER = io.srz.HelloSwiftUIUITests;
				PRODUCT_NAME = "$(TARGET_NAME)";
				SWIFT_VERSION = 5.0;
				TARGETED_DEVICE_FAMILY = "1,2";
				TEST_TARGET_NAME = HelloSwiftUI;
			};
			name = Debug;
		};
		D16A068725FD5A7A00D1BC3D /* Release */ = {
			isa = XCBuildConfiguration;
			buildSettings = {
				ALWAYS_EMBED_SWIFT_STANDARD_LIBRARIES = YES;
				CODE_SIGN_STYLE = Automatic;
				DEVELOPMENT_TEAM = 6M9MT4KJZD;
				INFOPLIST_FILE = HelloSwiftUIUITests/Info.plist;
				LD_RUNPATH_SEARCH_PATHS = (
					"$(inherited)",
					"@executable_path/Frameworks",
					"@loader_path/Frameworks",
				);
				PRODUCT_BUNDLE_IDENTIFIER = io.srz.HelloSwiftUIUITests;
				PRODUCT_NAME = "$(TARGET_NAME)";
				SWIFT_VERSION = 5.0;
				TARGETED_DEVICE_FAMILY = "1,2";
				TEST_TARGET_NAME = HelloSwiftUI;
			};
			name = Release;
		};
/* End XCBuildConfiguration section */

/* Begin XCConfigurationList section */
		D16A065525FD5A7800D1BC3D /* Build configuration list for PBXProject "HelloSwiftUI" */ = {
			isa = XCConfigurationList;
			buildConfigurations = (
				D16A067D25FD5A7A00D1BC3D /* Debug */,
				D16A067E25FD5A7A00D1BC3D /* Release */,
			);
			defaultConfigurationIsVisible = 0;
			defaultConfigurationName = Release;
		};
		D16A067F25FD5A7A00D1BC3D /* Build configuration list for PBXNativeTarget "HelloSwiftUI" */ = {
			isa = XCConfigurationList;
			buildConfigurations = (
				D16A068025FD5A7A00D1BC3D /* Debug */,
				D16A068125FD5A7A00D1BC3D /* Release */,
			);
			defaultConfigurationIsVisible = 0;
			defaultConfigurationName = Release;
		};
		D16A068225FD5A7A00D1BC3D /* Build configuration list for PBXNativeTarget "HelloSwiftUITests" */ = {
			isa = XCConfigurationList;
			buildConfigurations = (
				D16A068325FD5A7A00D1BC3D /* Debug */,
				D16A068425FD5A7A00D1BC3D /* Release */,
			);
			defaultConfigurationIsVisible = 0;
			defaultConfigurationName = Release;
		};
		D16A068525FD5A7A00D1BC3D /* Build configuration list for PBXNativeTarget "HelloSwiftUIUITests" */ = {
			isa = XCConfigurationList;
			buildConfigurations = (
				D16A068625FD5A7A00D1BC3D /* Debug */,
				D16A068725FD5A7A00D1BC3D /* Release */,
			);
			defaultConfigurationIsVisible = 0;
			defaultConfigurationName = Release;
		};
/* End XCConfigurationList section */
	};
	rootObject = D16A065225FD5A7800D1BC3D /* Project object */;
}
